
Microsoft Visual Studio Solution File, Format Version 12.00
# Visual Studio Version 17
VisualStudioVersion = 17.6.33815.320
MinimumVisualStudioVersion = 10.0.40219.1
Project("{FAE04EC0-301F-11D3-BF4B-00C04F79EFBC}") = "BobrovLab3", "BobrovLab3.csproj", "{68641704-A89C-48E4-BEF5-22D98F8BCDC6}"
EndProject
Global
	GlobalSection(SolutionConfigurationPlatforms) = preSolution
		Debug|Any CPU = Debug|Any CPU
		Release|Any CPU = Release|Any CPU
	EndGlobalSection
	GlobalSection(ProjectConfigurationPlatforms) = postSolution
		{68641704-A89C-48E4-BEF5-22D98F8BCDC6}.Debug|Any CPU.ActiveCfg = Debug|Any CPU
		{68641704-A89C-48E4-BEF5-22D98F8BCDC6}.Debug|Any CPU.Build.0 = Debug|Any CPU
		{68641704-A89C-48E4-BEF5-22D98F8BCDC6}.Release|Any CPU.ActiveCfg = Release|Any CPU
		{68641704-A89C-48E4-BEF5-22D98F8BCDC6}.Release|Any CPU.Build.0 = Release|Any CPU
	EndGlobalSection
	GlobalSection(SolutionProperties) = preSolution
		HideSolutionNode = FALSE
	EndGlobalSection
	GlobalSection(ExtensibilityGlobals) = postSolution
		SolutionGuid = {94B43F19-5EEE-4BD5-9216-902A30A238CE}
	EndGlobalSection
EndGlobal
