
Microsoft Visual Studio Solution File, Format Version 12.00
# Visual Studio Version 17
VisualStudioVersion = 17.6.33815.320
MinimumVisualStudioVersion = 10.0.40219.1
Project("{FAE04EC0-301F-11D3-BF4B-00C04F79EFBC}") = "MyLibrary1", "MyLibrary1.csproj", "{7C453624-2024-4C72-A47A-5B7EDB36860B}"
EndProject
Global
	GlobalSection(SolutionConfigurationPlatforms) = preSolution
		Debug|Any CPU = Debug|Any CPU
		Release|Any CPU = Release|Any CPU
	EndGlobalSection
	GlobalSection(ProjectConfigurationPlatforms) = postSolution
		{7C453624-2024-4C72-A47A-5B7EDB36860B}.Debug|Any CPU.ActiveCfg = Debug|Any CPU
		{7C453624-2024-4C72-A47A-5B7EDB36860B}.Debug|Any CPU.Build.0 = Debug|Any CPU
		{7C453624-2024-4C72-A47A-5B7EDB36860B}.Release|Any CPU.ActiveCfg = Release|Any CPU
		{7C453624-2024-4C72-A47A-5B7EDB36860B}.Release|Any CPU.Build.0 = Release|Any CPU
	EndGlobalSection
	GlobalSection(SolutionProperties) = preSolution
		HideSolutionNode = FALSE
	EndGlobalSection
	GlobalSection(ExtensibilityGlobals) = postSolution
		SolutionGuid = {23742B77-7B82-4DAC-9A35-126ED9506A74}
	EndGlobalSection
EndGlobal
