
Microsoft Visual Studio Solution File, Format Version 12.00
# Visual Studio Version 17
VisualStudioVersion = 17.7.34221.43
MinimumVisualStudioVersion = 10.0.40219.1
Project("{FAE04EC0-301F-11D3-BF4B-00C04F79EFBC}") = "MemoryToolApplication", "MemoryToolApplication\MemoryToolApplication.csproj", "{BC5671ED-E607-4CAF-8025-2162761663F2}"
EndProject
Project("{FAE04EC0-301F-11D3-BF4B-00C04F79EFBC}") = "MemoryToolTests", "MemoryToolTests\MemoryToolTests.csproj", "{FB3F726C-B61A-47A3-BB1C-2BADB544444F}"
EndProject
Project("{FAE04EC0-301F-11D3-BF4B-00C04F79EFBC}") = "MemoryToolLibrary", "MemoryToolLibrary\MemoryToolLibrary.csproj", "{8B370F09-F13D-4AA1-A438-CCA2555F9978}"
EndProject
Global
	GlobalSection(SolutionConfigurationPlatforms) = preSolution
		Debug|Any CPU = Debug|Any CPU
		Release|Any CPU = Release|Any CPU
	EndGlobalSection
	GlobalSection(ProjectConfigurationPlatforms) = postSolution
		{BC5671ED-E607-4CAF-8025-2162761663F2}.Debug|Any CPU.ActiveCfg = Debug|Any CPU
		{BC5671ED-E607-4CAF-8025-2162761663F2}.Debug|Any CPU.Build.0 = Debug|Any CPU
		{BC5671ED-E607-4CAF-8025-2162761663F2}.Release|Any CPU.ActiveCfg = Release|Any CPU
		{BC5671ED-E607-4CAF-8025-2162761663F2}.Release|Any CPU.Build.0 = Release|Any CPU
		{FB3F726C-B61A-47A3-BB1C-2BADB544444F}.Debug|Any CPU.ActiveCfg = Debug|Any CPU
		{FB3F726C-B61A-47A3-BB1C-2BADB544444F}.Debug|Any CPU.Build.0 = Debug|Any CPU
		{FB3F726C-B61A-47A3-BB1C-2BADB544444F}.Release|Any CPU.ActiveCfg = Release|Any CPU
		{FB3F726C-B61A-47A3-BB1C-2BADB544444F}.Release|Any CPU.Build.0 = Release|Any CPU
		{8B370F09-F13D-4AA1-A438-CCA2555F9978}.Debug|Any CPU.ActiveCfg = Debug|Any CPU
		{8B370F09-F13D-4AA1-A438-CCA2555F9978}.Debug|Any CPU.Build.0 = Debug|Any CPU
		{8B370F09-F13D-4AA1-A438-CCA2555F9978}.Release|Any CPU.ActiveCfg = Release|Any CPU
		{8B370F09-F13D-4AA1-A438-CCA2555F9978}.Release|Any CPU.Build.0 = Release|Any CPU
	EndGlobalSection
	GlobalSection(SolutionProperties) = preSolution
		HideSolutionNode = FALSE
	EndGlobalSection
	GlobalSection(ExtensibilityGlobals) = postSolution
		SolutionGuid = {35ADBC63-F126-4C34-A537-6913C6E68968}
	EndGlobalSection
EndGlobal
